{
    "_readme": [
        "This file locks the dependencies of your project to a known state",
        "Read more about it at https://getcomposer.org/doc/01-basic-usage.md#composer-lock-the-lock-file",
        "This file is @generated automatically"
    ],
    "hash": "b7f0c25bb7c65ade08a76c6305ee9f81",
    "content-hash": "84261541b0fc16d4a91ac9c4a19667af",
    "packages": [
        {
            "name": "zaininnari/html-minifier",
            "version": "0.4.2",
            "source": {
                "type": "git",
                "url": "https://github.com/zaininnari/html-minifier.git",
                "reference": "5b94d85705626f9bb33b7c667bc4400088ed4ece"
            },
            "dist": {
                "type": "zip",
                "url": "https://api.github.com/repos/zaininnari/html-minifier/zipball/5b94d85705626f9bb33b7c667bc4400088ed4ece",
                "reference": "5b94d85705626f9bb33b7c667bc4400088ed4ece",
                "shasum": ""
            },
            "require": {
                "php": ">=5.3.0"
            },
            "require-dev": {
                "satooshi/php-coveralls": "dev-master"
            },
            "type": "library",
            "autoload": {
                "psr-0": {
                    "zz": "src/"
                }
            },
            "notification-url": "https://packagist.org/downloads/",
            "license": [
                "The BSD 3-Clause License"
            ],
            "authors": [
                {
                    "name": "Google inc",
                    "homepage": "http://www.chromium.org/blink",
                    "role": "Author"
                },
                {
                    "name": "zaininnari",
                    "homepage": "https://github.com/zaininnari/",
                    "role": "Developer"
                }
            ],
            "description": "The Blink HTMLTokenizer ported to PHP.",
            "homepage": "https://github.com/zaininnari/html-minifier",
            "keywords": [
                "Blink",
                "HTML minify",
                "php"
            ],
            "time": "2015-08-18 14:10:55"
        }
    ],
    "packages-dev": [],
    "aliases": [],
    "minimum-stability": "stable",
    "stability-flags": [],
    "prefer-stable": false,
    "prefer-lowest": false,
    "platform": [],
    "platform-dev": []
}
